
Microsoft Visual Studio Solution File, Format Version 12.00
# Visual Studio 14
VisualStudioVersion = 14.0.25420.1
MinimumVisualStudioVersion = 10.0.40219.1
Project("{FAE04EC0-301F-11D3-BF4B-00C04F79EFBC}") = "Ui", "Ui\Ui.csproj", "{CA691805-73FD-4F45-9006-42A848362EAE}"
EndProject
Project("{FAE04EC0-301F-11D3-BF4B-00C04F79EFBC}") = "Logic", "Logic\Logic.csproj", "{4EF32657-63E8-450C-A5FC-000A0F0E06A0}"
EndProject
Project("{2150E333-8FDC-42A3-9474-1A3956D46DE8}") = ".shared", ".shared", "{56B7BBEF-BECB-4991-BB52-DA31F9D913D4}"
	ProjectSection(SolutionItems) = preProject
		.shared\SharedAssemblyInfo.cs = .shared\SharedAssemblyInfo.cs
	EndProjectSection
EndProject
Global
	GlobalSection(SolutionConfigurationPlatforms) = preSolution
		Debug|Any CPU = Debug|Any CPU
		Release|Any CPU = Release|Any CPU
	EndGlobalSection
	GlobalSection(ProjectConfigurationPlatforms) = postSolution
		{CA691805-73FD-4F45-9006-42A848362EAE}.Debug|Any CPU.ActiveCfg = Debug|Any CPU
		{CA691805-73FD-4F45-9006-42A848362EAE}.Debug|Any CPU.Build.0 = Debug|Any CPU
		{CA691805-73FD-4F45-9006-42A848362EAE}.Release|Any CPU.ActiveCfg = Release|Any CPU
		{CA691805-73FD-4F45-9006-42A848362EAE}.Release|Any CPU.Build.0 = Release|Any CPU
		{4EF32657-63E8-450C-A5FC-000A0F0E06A0}.Debug|Any CPU.ActiveCfg = Debug|Any CPU
		{4EF32657-63E8-450C-A5FC-000A0F0E06A0}.Debug|Any CPU.Build.0 = Debug|Any CPU
		{4EF32657-63E8-450C-A5FC-000A0F0E06A0}.Release|Any CPU.ActiveCfg = Release|Any CPU
		{4EF32657-63E8-450C-A5FC-000A0F0E06A0}.Release|Any CPU.Build.0 = Release|Any CPU
	EndGlobalSection
	GlobalSection(SolutionProperties) = preSolution
		HideSolutionNode = FALSE
	EndGlobalSection
EndGlobal
